version = 1
revision = 2
requires-python = ">=3.11"

[[package]]
name = "nodeenv"
version = "1.10.0"
source = { registry = "https://pypi.org/simple" }
sdist = { url = "https://files.pythonhosted.org/packages/24/bf/d1bda4f6168e0b2e9e5958945e01910052158313224ada5ce1fb2e1113b8/nodeenv-1.10.0.tar.gz", hash = "sha256:996c191ad80897d076bdfba80a41994c2b47c68e224c542b48feba42ba00f8bb", size = 55611, upload-time = "2025-12-20T14:08:54.006Z" }
wheels = [
    { url = "https://files.pythonhosted.org/packages/88/b2/d0896bdcdc8d28a7fc5717c305f1a861c26e18c05047949fb371034d98bd/nodeenv-1.10.0-py2.py3-none-any.whl", hash = "sha256:5bb13e3eed2923615535339b3c620e76779af4cb4c6a90deccc9e36b274d3827", size = 23438, upload-time = "2025-12-20T14:08:52.782Z" },
]

[[package]]
name = "projectctl"
version = "0"
source = { virtual = "." }

[package.dev-dependencies]
dev = [
    { name = "pydeps" },
    { name = "pyright" },
]

[package.metadata]

[package.metadata.requires-dev]
dev = [
    { name = "pydeps", specifier = ">=3.0.2" },
    { name = "pyright", specifier = ">=1.1.408" },
]

[[package]]
name = "pydeps"
version = "3.0.2"
source = { registry = "https://pypi.org/simple" }
dependencies = [
    { name = "stdlib-list" },
]
sdist = { url = "https://files.pythonhosted.org/packages/d1/3e/750b00bc373fe0ed1981be89f432bb58ff45ae137d486d5d1667b5f89e76/pydeps-3.0.2.tar.gz", hash = "sha256:9e73575ddd6b5614cb2463a4ee9392817cc51002a2e46184d4fb1ffef8d15832", size = 53202, upload-time = "2026-01-06T16:52:03.1Z" }
wheels = [
    { url = "https://files.pythonhosted.org/packages/0e/c5/e3c81d05e4ab54fab5ba613c28ec91b2baee26671c5645293b1b020c13f4/pydeps-3.0.2-py3-none-any.whl", hash = "sha256:890515899ffdb017255ba035704cfc711966469ad3aa3574c5b0b13f9f676e32", size = 47765, upload-time = "2026-01-06T16:52:01.794Z" },
]

[[package]]
name = "pyright"
version = "1.1.408"
source = { registry = "https://pypi.org/simple" }
dependencies = [
    { name = "nodeenv" },
    { name = "typing-extensions" },
]
sdist = { url = "https://files.pythonhosted.org/packages/74/b2/5db700e52554b8f025faa9c3c624c59f1f6c8841ba81ab97641b54322f16/pyright-1.1.408.tar.gz", hash = "sha256:f28f2321f96852fa50b5829ea492f6adb0e6954568d1caa3f3af3a5f555eb684", size = 4400578, upload-time = "2026-01-08T08:07:38.795Z" }
wheels = [
    { url = "https://files.pythonhosted.org/packages/0c/82/a2c93e32800940d9573fb28c346772a14778b84ba7524e691b324620ab89/pyright-1.1.408-py3-none-any.whl", hash = "sha256:090b32865f4fdb1e0e6cd82bf5618480d48eecd2eb2e70f960982a3d9a4c17c1", size = 6399144, upload-time = "2026-01-08T08:07:37.082Z" },
]

[[package]]
name = "stdlib-list"
version = "0.12.0"
source = { registry = "https://pypi.org/simple" }
sdist = { url = "https://files.pythonhosted.org/packages/8c/25/f1540879c8815387980e56f973e54605bd924612399ace31487f7444171c/stdlib_list-0.12.0.tar.gz", hash = "sha256:517824f27ee89e591d8ae7c1dd9ff34f672eae50ee886ea31bb8816d77535675", size = 60923, upload-time = "2025-10-24T19:21:22.849Z" }
wheels = [
    { url = "https://files.pythonhosted.org/packages/3b/3d/2970b27a11ae17fb2d353e7a179763a2fe6f37d6d2a9f4d40104a2f132e9/stdlib_list-0.12.0-py3-none-any.whl", hash = "sha256:df2d11e97f53812a1756fb5510393a11e3b389ebd9239dc831c7f349957f62f2", size = 87615, upload-time = "2025-10-24T19:21:20.619Z" },
]

[[package]]
name = "typing-extensions"
version = "4.15.0"
source = { registry = "https://pypi.org/simple" }
sdist = { url = "https://files.pythonhosted.org/packages/72/94/1a15dd82efb362ac84269196e94cf00f187f7ed21c242792a923cdb1c61f/typing_extensions-4.15.0.tar.gz", hash = "sha256:0cea48d173cc12fa28ecabc3b837ea3cf6f38c6d1136f85cbaaf598984861466", size = 109391, upload-time = "2025-08-25T13:49:26.313Z" }
wheels = [
    { url = "https://files.pythonhosted.org/packages/18/67/36e9267722cc04a6b9f15c7f3441c2363321a3ea07da7ae0c0707beb2a9c/typing_extensions-4.15.0-py3-none-any.whl", hash = "sha256:f0fa19c6845758ab08074a0cfa8b7aecb71c999ca73d62883bc25cc018c4e548", size = 44614, upload-time = "2025-08-25T13:49:24.86Z" },
]
